// !$*UTF8*$!
{
	archiveVersion = 1;
	classes = {
	};
	objectVersion = 50;
	objects = {

/* Begin PBXBuildFile section */
		459627672468174C00C5BA8D /* AppDelegate.swift in Sources */ = {isa = PBXBuildFile; fileRef = 459627662468174C00C5BA8D /* AppDelegate.swift */; };
		459627692468174C00C5BA8D /* SceneDelegate.swift in Sources */ = {isa = PBXBuildFile; fileRef = 459627682468174C00C5BA8D /* SceneDelegate.swift */; };
		4596276B2468174C00C5BA8D /* ViewController.swift in Sources */ = {isa = PBXBuildFile; fileRef = 4596276A2468174C00C5BA8D /* ViewController.swift */; };
		4596276E2468174C00C5BA8D /* Main.storyboard in Resources */ = {isa = PBXBuildFile; fileRef = 4596276C2468174C00C5BA8D /* Main.storyboard */; };
		459627702468174F00C5BA8D /* Assets.xcassets in Resources */ = {isa = PBXBuildFile; fileRef = 4596276F2468174F00C5BA8D /* Assets.xcassets */; };
		459627732468174F00C5BA8D /* LaunchScreen.storyboard in Resources */ = {isa = PBXBuildFile; fileRef = 459627712468174F00C5BA8D /* LaunchScreen.storyboard */; };
/* End PBXBuildFile section */

/* Begin PBXFileReference section */
		459627632468174C00C5BA8D /* Variable-TextView-Keyboard-Accessory-Sample.app */ = {isa = PBXFileReference; explicitFileType = wrapper.application; includeInIndex = 0; path = "Variable-TextView-Keyboard-Accessory-Sample.app"; sourceTree = BUILT_PRODUCTS_DIR; };
		459627662468174C00C5BA8D /* AppDelegate.swift */ = {isa = PBXFileReference; lastKnownFileType = sourcecode.swift; path = AppDelegate.swift; sourceTree = "<group>"; };
		459627682468174C00C5BA8D /* SceneDelegate.swift */ = {isa = PBXFileReference; lastKnownFileType = sourcecode.swift; path = SceneDelegate.swift; sourceTree = "<group>"; };
		4596276A2468174C00C5BA8D /* ViewController.swift */ = {isa = PBXFileReference; lastKnownFileType = sourcecode.swift; path = ViewController.swift; sourceTree = "<group>"; };
		4596276D2468174C00C5BA8D /* Base */ = {isa = PBXFileReference; lastKnownFileType = file.storyboard; name = Base; path = Base.lproj/Main.storyboard; sourceTree = "<group>"; };
		4596276F2468174F00C5BA8D /* Assets.xcassets */ = {isa = PBXFileReference; lastKnownFileType = folder.assetcatalog; path = Assets.xcassets; sourceTree = "<group>"; };
		459627722468174F00C5BA8D /* Base */ = {isa = PBXFileReference; lastKnownFileType = file.storyboard; name = Base; path = Base.lproj/LaunchScreen.storyboard; sourceTree = "<group>"; };
		459627742468174F00C5BA8D /* Info.plist */ = {isa = PBXFileReference; lastKnownFileType = text.plist.xml; path = Info.plist; sourceTree = "<group>"; };
/* End PBXFileReference section */

/* Begin PBXFrameworksBuildPhase section */
		459627602468174C00C5BA8D /* Frameworks */ = {
			isa = PBXFrameworksBuildPhase;
			buildActionMask = 2147483647;
			files = (
			);
			runOnlyForDeploymentPostprocessing = 0;
		};
/* End PBXFrameworksBuildPhase section */

/* Begin PBXGroup section */
		4596275A2468174C00C5BA8D = {
			isa = PBXGroup;
			children = (
				459627652468174C00C5BA8D /* Variable-TextView-Keyboard-Accessory-Sample */,
				459627642468174C00C5BA8D /* Products */,
			);
			sourceTree = "<group>";
		};
		459627642468174C00C5BA8D /* Products */ = {
			isa = PBXGroup;
			children = (
				459627632468174C00C5BA8D /* Variable-TextView-Keyboard-Accessory-Sample.app */,
			);
			name = Products;
			sourceTree = "<group>";
		};
		459627652468174C00C5BA8D /* Variable-TextView-Keyboard-Accessory-Sample */ = {
			isa = PBXGroup;
			children = (
				459627662468174C00C5BA8D /* AppDelegate.swift */,
				459627682468174C00C5BA8D /* SceneDelegate.swift */,
				4596276A2468174C00C5BA8D /* ViewController.swift */,
				4596276C2468174C00C5BA8D /* Main.storyboard */,
				4596276F2468174F00C5BA8D /* Assets.xcassets */,
				459627712468174F00C5BA8D /* LaunchScreen.storyboard */,
				459627742468174F00C5BA8D /* Info.plist */,
			);
			path = "Variable-TextView-Keyboard-Accessory-Sample";
			sourceTree = "<group>";
		};
/* End PBXGroup section */

/* Begin PBXNativeTarget section */
		459627622468174C00C5BA8D /* Variable-TextView-Keyboard-Accessory-Sample */ = {
			isa = PBXNativeTarget;
			buildConfigurationList = 459627772468174F00C5BA8D /* Build configuration list for PBXNativeTarget "Variable-TextView-Keyboard-Accessory-Sample" */;
			buildPhases = (
				4596275F2468174C00C5BA8D /* Sources */,
				459627602468174C00C5BA8D /* Frameworks */,
				459627612468174C00C5BA8D /* Resources */,
			);
			buildRules = (
			);
			dependencies = (
			);
			name = "Variable-TextView-Keyboard-Accessory-Sample";
			productName = "Variable-TextView-Keyboard-Accessory-Sample";
			productReference = 459627632468174C00C5BA8D /* Variable-TextView-Keyboard-Accessory-Sample.app */;
			productType = "com.apple.product-type.application";
		};
/* End PBXNativeTarget section */

/* Begin PBXProject section */
		4596275B2468174C00C5BA8D /* Project object */ = {
			isa = PBXProject;
			attributes = {
				LastSwiftUpdateCheck = 1140;
				LastUpgradeCheck = 1140;
				ORGANIZATIONNAME = kawaharadai;
				TargetAttributes = {
					459627622468174C00C5BA8D = {
						CreatedOnToolsVersion = 11.4.1;
					};
				};
			};
			buildConfigurationList = 4596275E2468174C00C5BA8D /* Build configuration list for PBXProject "Variable-TextView-Keyboard-Accessory-Sample" */;
			compatibilityVersion = "Xcode 9.3";
			developmentRegion = en;
			hasScannedForEncodings = 0;
			knownRegions = (
				en,
				Base,
			);
			mainGroup = 4596275A2468174C00C5BA8D;
			productRefGroup = 459627642468174C00C5BA8D /* Products */;
			projectDirPath = "";
			projectRoot = "";
			targets = (
				459627622468174C00C5BA8D /* Variable-TextView-Keyboard-Accessory-Sample */,
			);
		};
/* End PBXProject section */

/* Begin PBXResourcesBuildPhase section */
		459627612468174C00C5BA8D /* Resources */ = {
			isa = PBXResourcesBuildPhase;
			buildActionMask = 2147483647;
			files = (
				459627732468174F00C5BA8D /* LaunchScreen.storyboard in Resources */,
				459627702468174F00C5BA8D /* Assets.xcassets in Resources */,
				4596276E2468174C00C5BA8D /* Main.storyboard in Resources */,
			);
			runOnlyForDeploymentPostprocessing = 0;
		};
/* End PBXResourcesBuildPhase section */

/* Begin PBXSourcesBuildPhase section */
		4596275F2468174C00C5BA8D /* Sources */ = {
			isa = PBXSourcesBuildPhase;
			buildActionMask = 2147483647;
			files = (
				4596276B2468174C00C5BA8D /* ViewController.swift in Sources */,
				459627672468174C00C5BA8D /* AppDelegate.swift in Sources */,
				459627692468174C00C5BA8D /* SceneDelegate.swift in Sources */,
			);
			runOnlyForDeploymentPostprocessing = 0;
		};
/* End PBXSourcesBuildPhase section */

/* Begin PBXVariantGroup section */
		4596276C2468174C00C5BA8D /* Main.storyboard */ = {
			isa = PBXVariantGroup;
			children = (
				4596276D2468174C00C5BA8D /* Base */,
			);
			name = Main.storyboard;
			sourceTree = "<group>";
		};
		459627712468174F00C5BA8D /* LaunchScreen.storyboard */ = {
			isa = PBXVariantGroup;
			children = (
				459627722468174F00C5BA8D /* Base */,
			);
			name = LaunchScreen.storyboard;
			sourceTree = "<group>";
		};
/* End PBXVariantGroup section */

/* Begin XCBuildConfiguration section */
		459627752468174F00C5BA8D /* Debug */ = {
			isa = XCBuildConfiguration;
			buildSettings = {
				ALWAYS_SEARCH_USER_PATHS = NO;
				CLANG_ANALYZER_NONNULL = YES;
				CLANG_ANALYZER_NUMBER_OBJECT_CONVERSION = YES_AGGRESSIVE;
				CLANG_CXX_LANGUAGE_STANDARD = "gnu++14";
				CLANG_CXX_LIBRARY = "libc++";
				CLANG_ENABLE_MODULES = YES;
				CLANG_ENABLE_OBJC_ARC = YES;
				CLANG_ENABLE_OBJC_WEAK = YES;
				CLANG_WARN_BLOCK_CAPTURE_AUTORELEASING = YES;
				CLANG_WARN_BOOL_CONVERSION = YES;
				CLANG_WARN_COMMA = YES;
				CLANG_WARN_CONSTANT_CONVERSION = YES;
				CLANG_WARN_DEPRECATED_OBJC_IMPLEMENTATIONS = YES;
				CLANG_WARN_DIRECT_OBJC_ISA_USAGE = YES_ERROR;
				CLANG_WARN_DOCUMENTATION_COMMENTS = YES;
				CLANG_WARN_EMPTY_BODY = YES;
				CLANG_WARN_ENUM_CONVERSION = YES;
				CLANG_WARN_INFINITE_RECURSION = YES;
				CLANG_WARN_INT_CONVERSION = YES;
				CLANG_WARN_NON_LITERAL_NULL_CONVERSION = YES;
				CLANG_WARN_OBJC_IMPLICIT_RETAIN_SELF = YES;
				CLANG_WARN_OBJC_LITERAL_CONVERSION = YES;
				CLANG_WARN_OBJC_ROOT_CLASS = YES_ERROR;
				CLANG_WARN_RANGE_LOOP_ANALYSIS = YES;
				CLANG_WARN_STRICT_PROTOTYPES = YES;
				CLANG_WARN_SUSPICIOUS_MOVE = YES;
				CLANG_WARN_UNGUARDED_AVAILABILITY = YES_AGGRESSIVE;
				CLANG_WARN_UNREACHABLE_CODE = YES;
				CLANG_WARN__DUPLICATE_METHOD_MATCH = YES;
				COPY_PHASE_STRIP = NO;
				DEBUG_INFORMATION_FORMAT = dwarf;
				ENABLE_STRICT_OBJC_MSGSEND = YES;
				ENABLE_TESTABILITY = YES;
				GCC_C_LANGUAGE_STANDARD = gnu11;
				GCC_DYNAMIC_NO_PIC = NO;
				GCC_NO_COMMON_BLOCKS = YES;
				GCC_OPTIMIZATION_LEVEL = 0;
				GCC_PREPROCESSOR_DEFINITIONS = (
					"DEBUG=1",
					"$(inherited)",
				);
				GCC_WARN_64_TO_32_BIT_CONVERSION = YES;
				GCC_WARN_ABOUT_RETURN_TYPE = YES_ERROR;
				GCC_WARN_UNDECLARED_SELECTOR = YES;
				GCC_WARN_UNINITIALIZED_AUTOS = YES_AGGRESSIVE;
				GCC_WARN_UNUSED_FUNCTION = YES;
				GCC_WARN_UNUSED_VARIABLE = YES;
				IPHONEOS_DEPLOYMENT_TARGET = 13.4;
				MTL_ENABLE_DEBUG_INFO = INCLUDE_SOURCE;
				MTL_FAST_MATH = YES;
				ONLY_ACTIVE_ARCH = YES;
				SDKROOT = iphoneos;
				SWIFT_ACTIVE_COMPILATION_CONDITIONS = DEBUG;
				SWIFT_OPTIMIZATION_LEVEL = "-Onone";
			};
			name = Debug;
		};
		459627762468174F00C5BA8D /* Release */ = {
			isa = XCBuildConfiguration;
			buildSettings = {
				ALWAYS_SEARCH_USER_PATHS = NO;
				CLANG_ANALYZER_NONNULL = YES;
				CLANG_ANALYZER_NUMBER_OBJECT_CONVERSION = YES_AGGRESSIVE;
				CLANG_CXX_LANGUAGE_STANDARD = "gnu++14";
				CLANG_CXX_LIBRARY = "libc++";
				CLANG_ENABLE_MODULES = YES;
				CLANG_ENABLE_OBJC_ARC = YES;
				CLANG_ENABLE_OBJC_WEAK = YES;
				CLANG_WARN_BLOCK_CAPTURE_AUTORELEASING = YES;
				CLANG_WARN_BOOL_CONVERSION = YES;
				CLANG_WARN_COMMA = YES;
				CLANG_WARN_CONSTANT_CONVERSION = YES;
				CLANG_WARN_DEPRECATED_OBJC_IMPLEMENTATIONS = YES;
				CLANG_WARN_DIRECT_OBJC_ISA_USAGE = YES_ERROR;
				CLANG_WARN_DOCUMENTATION_COMMENTS = YES;
				CLANG_WARN_EMPTY_BODY = YES;
				CLANG_WARN_ENUM_CONVERSION = YES;
				CLANG_WARN_INFINITE_RECURSION = YES;
				CLANG_WARN_INT_CONVERSION = YES;
				CLANG_WARN_NON_LITERAL_NULL_CONVERSION = YES;
				CLANG_WARN_OBJC_IMPLICIT_RETAIN_SELF = YES;
				CLANG_WARN_OBJC_LITERAL_CONVERSION = YES;
				CLANG_WARN_OBJC_ROOT_CLASS = YES_ERROR;
				CLANG_WARN_RANGE_LOOP_ANALYSIS = YES;
				CLANG_WARN_STRICT_PROTOTYPES = YES;
				CLANG_WARN_SUSPICIOUS_MOVE = YES;
				CLANG_WARN_UNGUARDED_AVAILABILITY = YES_AGGRESSIVE;
				CLANG_WARN_UNREACHABLE_CODE = YES;
				CLANG_WARN__DUPLICATE_METHOD_MATCH = YES;
				COPY_PHASE_STRIP = NO;
				DEBUG_INFORMATION_FORMAT = "dwarf-with-dsym";
				ENABLE_NS_ASSERTIONS = NO;
				ENABLE_STRICT_OBJC_MSGSEND = YES;
				GCC_C_LANGUAGE_STANDARD = gnu11;
				GCC_NO_COMMON_BLOCKS = YES;
				GCC_WARN_64_TO_32_BIT_CONVERSION = YES;
				GCC_WARN_ABOUT_RETURN_TYPE = YES_ERROR;
				GCC_WARN_UNDECLARED_SELECTOR = YES;
				GCC_WARN_UNINITIALIZED_AUTOS = YES_AGGRESSIVE;
				GCC_WARN_UNUSED_FUNCTION = YES;
				GCC_WARN_UNUSED_VARIABLE = YES;
				IPHONEOS_DEPLOYMENT_TARGET = 13.4;
				MTL_ENABLE_DEBUG_INFO = NO;
				MTL_FAST_MATH = YES;
				SDKROOT = iphoneos;
				SWIFT_COMPILATION_MODE = wholemodule;
				SWIFT_OPTIMIZATION_LEVEL = "-O";
				VALIDATE_PRODUCT = YES;
			};
			name = Release;
		};
		459627782468174F00C5BA8D /* Debug */ = {
			isa = XCBuildConfiguration;
			buildSettings = {
				ASSETCATALOG_COMPILER_APPICON_NAME = AppIcon;
				CODE_SIGN_STYLE = Automatic;
				DEVELOPMENT_TEAM = LVR5UQEHBD;
				INFOPLIST_FILE = "Variable-TextView-Keyboard-Accessory-Sample/Info.plist";
				LD_RUNPATH_SEARCH_PATHS = (
					"$(inherited)",
					"@executable_path/Frameworks",
				);
				PRODUCT_BUNDLE_IDENTIFIER = "com.kawahara.Variable-TextView-Keyboard-Accessory-Sample";
				PRODUCT_NAME = "$(TARGET_NAME)";
				SWIFT_VERSION = 5.0;
				TARGETED_DEVICE_FAMILY = 1;
			};
			name = Debug;
		};
		459627792468174F00C5BA8D /* Release */ = {
			isa = XCBuildConfiguration;
			buildSettings = {
				ASSETCATALOG_COMPILER_APPICON_NAME = AppIcon;
				CODE_SIGN_STYLE = Automatic;
				DEVELOPMENT_TEAM = LVR5UQEHBD;
				INFOPLIST_FILE = "Variable-TextView-Keyboard-Accessory-Sample/Info.plist";
				LD_RUNPATH_SEARCH_PATHS = (
					"$(inherited)",
					"@executable_path/Frameworks",
				);
				PRODUCT_BUNDLE_IDENTIFIER = "com.kawahara.Variable-TextView-Keyboard-Accessory-Sample";
				PRODUCT_NAME = "$(TARGET_NAME)";
				SWIFT_VERSION = 5.0;
				TARGETED_DEVICE_FAMILY = 1;
			};
			name = Release;
		};
/* End XCBuildConfiguration section */

/* Begin XCConfigurationList section */
		4596275E2468174C00C5BA8D /* Build configuration list for PBXProject "Variable-TextView-Keyboard-Accessory-Sample" */ = {
			isa = XCConfigurationList;
			buildConfigurations = (
				459627752468174F00C5BA8D /* Debug */,
				459627762468174F00C5BA8D /* Release */,
			);
			defaultConfigurationIsVisible = 0;
			defaultConfigurationName = Release;
		};
		459627772468174F00C5BA8D /* Build configuration list for PBXNativeTarget "Variable-TextView-Keyboard-Accessory-Sample" */ = {
			isa = XCConfigurationList;
			buildConfigurations = (
				459627782468174F00C5BA8D /* Debug */,
				459627792468174F00C5BA8D /* Release */,
			);
			defaultConfigurationIsVisible = 0;
			defaultConfigurationName = Release;
		};
/* End XCConfigurationList section */
	};
	rootObject = 4596275B2468174C00C5BA8D /* Project object */;
}
